
Microsoft Visual Studio Solution File, Format Version 12.00
# Visual Studio Version 16
VisualStudioVersion = 16.0.29806.167
MinimumVisualStudioVersion = 10.0.40219.1
Project("{9A19103F-16F7-4668-BE54-9A1E7A4F7556}") = "NumberToWords", "NumberToWords\NumberToWords.csproj", "{1EE62CD5-8E23-4996-A4DB-E2C8F0BF9D97}"
EndProject
Project("{9A19103F-16F7-4668-BE54-9A1E7A4F7556}") = "NumberToWordsTests", "NumberToWordsTests\NumberToWordsTests.csproj", "{2EFAFC48-0690-460D-AB85-32D54B54CDF5}"
EndProject
Global
	GlobalSection(SolutionConfigurationPlatforms) = preSolution
		Debug|Any CPU = Debug|Any CPU
		Release|Any CPU = Release|Any CPU
	EndGlobalSection
	GlobalSection(ProjectConfigurationPlatforms) = postSolution
		{1EE62CD5-8E23-4996-A4DB-E2C8F0BF9D97}.Debug|Any CPU.ActiveCfg = Debug|Any CPU
		{1EE62CD5-8E23-4996-A4DB-E2C8F0BF9D97}.Debug|Any CPU.Build.0 = Debug|Any CPU
		{1EE62CD5-8E23-4996-A4DB-E2C8F0BF9D97}.Release|Any CPU.ActiveCfg = Release|Any CPU
		{1EE62CD5-8E23-4996-A4DB-E2C8F0BF9D97}.Release|Any CPU.Build.0 = Release|Any CPU
		{2EFAFC48-0690-460D-AB85-32D54B54CDF5}.Debug|Any CPU.ActiveCfg = Debug|Any CPU
		{2EFAFC48-0690-460D-AB85-32D54B54CDF5}.Debug|Any CPU.Build.0 = Debug|Any CPU
		{2EFAFC48-0690-460D-AB85-32D54B54CDF5}.Release|Any CPU.ActiveCfg = Release|Any CPU
		{2EFAFC48-0690-460D-AB85-32D54B54CDF5}.Release|Any CPU.Build.0 = Release|Any CPU
	EndGlobalSection
	GlobalSection(SolutionProperties) = preSolution
		HideSolutionNode = FALSE
	EndGlobalSection
	GlobalSection(ExtensibilityGlobals) = postSolution
		SolutionGuid = {FF935055-083A-41FB-966B-0818A019723E}
	EndGlobalSection
EndGlobal
